// !$*UTF8*$!
{
	archiveVersion = 1;
	classes = {
	};
	objectVersion = 56;
	objects = {

/* Begin PBXBuildFile section */
		C15D4B7F2A94DA7900BD5D8D /* AppDelegate.swift in Sources */ = {isa = PBXBuildFile; fileRef = C15D4B7E2A94DA7900BD5D8D /* AppDelegate.swift */; };
		C15D4B812A94DA7900BD5D8D /* SceneDelegate.swift in Sources */ = {isa = PBXBuildFile; fileRef = C15D4B802A94DA7900BD5D8D /* SceneDelegate.swift */; };
		C15D4B832A94DA7900BD5D8D /* PageViewController.swift in Sources */ = {isa = PBXBuildFile; fileRef = C15D4B822A94DA7900BD5D8D /* PageViewController.swift */; };
		C15D4B882A94DA7B00BD5D8D /* Assets.xcassets in Resources */ = {isa = PBXBuildFile; fileRef = C15D4B872A94DA7B00BD5D8D /* Assets.xcassets */; };
		C15D4B8B2A94DA7B00BD5D8D /* LaunchScreen.storyboard in Resources */ = {isa = PBXBuildFile; fileRef = C15D4B892A94DA7B00BD5D8D /* LaunchScreen.storyboard */; };
		C15D4BA22A94DD0A00BD5D8D /* ImageDetailViewModel.swift in Sources */ = {isa = PBXBuildFile; fileRef = C15D4B982A94DD0A00BD5D8D /* ImageDetailViewModel.swift */; };
		C15D4BA32A94DD0A00BD5D8D /* ImageDetailViewController.xib in Resources */ = {isa = PBXBuildFile; fileRef = C15D4B992A94DD0A00BD5D8D /* ImageDetailViewController.xib */; };
		C15D4BA42A94DD0A00BD5D8D /* ImageDetailViewController.swift in Sources */ = {isa = PBXBuildFile; fileRef = C15D4B9A2A94DD0A00BD5D8D /* ImageDetailViewController.swift */; };
		C15D4BA72A94DD0A00BD5D8D /* ImageDetailBuilder.swift in Sources */ = {isa = PBXBuildFile; fileRef = C15D4B9E2A94DD0A00BD5D8D /* ImageDetailBuilder.swift */; };
		C15D4BAF2A94FBC900BD5D8D /* StartViewController.xib in Resources */ = {isa = PBXBuildFile; fileRef = C15D4BAE2A94FBC900BD5D8D /* StartViewController.xib */; };
		C15D4BB12A94FBD500BD5D8D /* StartViewController.swift in Sources */ = {isa = PBXBuildFile; fileRef = C15D4BB02A94FBD500BD5D8D /* StartViewController.swift */; };
		C15D4BB32A94FDC000BD5D8D /* UIPanGesture.swift in Sources */ = {isa = PBXBuildFile; fileRef = C15D4BB22A94FDC000BD5D8D /* UIPanGesture.swift */; };
		C1CD32682A9FE125002E3C0A /* PageViewBuilder.swift in Sources */ = {isa = PBXBuildFile; fileRef = C1CD32672A9FE125002E3C0A /* PageViewBuilder.swift */; };
/* End PBXBuildFile section */

/* Begin PBXFileReference section */
		C15D4B7B2A94DA7900BD5D8D /* ios-gallery.app */ = {isa = PBXFileReference; explicitFileType = wrapper.application; includeInIndex = 0; path = "ios-gallery.app"; sourceTree = BUILT_PRODUCTS_DIR; };
		C15D4B7E2A94DA7900BD5D8D /* AppDelegate.swift */ = {isa = PBXFileReference; lastKnownFileType = sourcecode.swift; path = AppDelegate.swift; sourceTree = "<group>"; };
		C15D4B802A94DA7900BD5D8D /* SceneDelegate.swift */ = {isa = PBXFileReference; lastKnownFileType = sourcecode.swift; path = SceneDelegate.swift; sourceTree = "<group>"; };
		C15D4B822A94DA7900BD5D8D /* PageViewController.swift */ = {isa = PBXFileReference; lastKnownFileType = sourcecode.swift; path = PageViewController.swift; sourceTree = "<group>"; };
		C15D4B872A94DA7B00BD5D8D /* Assets.xcassets */ = {isa = PBXFileReference; lastKnownFileType = folder.assetcatalog; path = Assets.xcassets; sourceTree = "<group>"; };
		C15D4B8A2A94DA7B00BD5D8D /* Base */ = {isa = PBXFileReference; lastKnownFileType = file.storyboard; name = Base; path = Base.lproj/LaunchScreen.storyboard; sourceTree = "<group>"; };
		C15D4B8C2A94DA7B00BD5D8D /* Info.plist */ = {isa = PBXFileReference; lastKnownFileType = text.plist.xml; path = Info.plist; sourceTree = "<group>"; };
		C15D4B982A94DD0A00BD5D8D /* ImageDetailViewModel.swift */ = {isa = PBXFileReference; fileEncoding = 4; lastKnownFileType = sourcecode.swift; path = ImageDetailViewModel.swift; sourceTree = "<group>"; };
		C15D4B992A94DD0A00BD5D8D /* ImageDetailViewController.xib */ = {isa = PBXFileReference; fileEncoding = 4; lastKnownFileType = file.xib; path = ImageDetailViewController.xib; sourceTree = "<group>"; };
		C15D4B9A2A94DD0A00BD5D8D /* ImageDetailViewController.swift */ = {isa = PBXFileReference; fileEncoding = 4; lastKnownFileType = sourcecode.swift; path = ImageDetailViewController.swift; sourceTree = "<group>"; };
		C15D4B9E2A94DD0A00BD5D8D /* ImageDetailBuilder.swift */ = {isa = PBXFileReference; fileEncoding = 4; lastKnownFileType = sourcecode.swift; path = ImageDetailBuilder.swift; sourceTree = "<group>"; };
		C15D4BAE2A94FBC900BD5D8D /* StartViewController.xib */ = {isa = PBXFileReference; lastKnownFileType = file.xib; path = StartViewController.xib; sourceTree = "<group>"; };
		C15D4BB02A94FBD500BD5D8D /* StartViewController.swift */ = {isa = PBXFileReference; lastKnownFileType = sourcecode.swift; path = StartViewController.swift; sourceTree = "<group>"; };
		C15D4BB22A94FDC000BD5D8D /* UIPanGesture.swift */ = {isa = PBXFileReference; lastKnownFileType = sourcecode.swift; path = UIPanGesture.swift; sourceTree = "<group>"; };
		C1CD32672A9FE125002E3C0A /* PageViewBuilder.swift */ = {isa = PBXFileReference; lastKnownFileType = sourcecode.swift; path = PageViewBuilder.swift; sourceTree = "<group>"; };
/* End PBXFileReference section */

/* Begin PBXFrameworksBuildPhase section */
		C15D4B782A94DA7900BD5D8D /* Frameworks */ = {
			isa = PBXFrameworksBuildPhase;
			buildActionMask = 2147483647;
			files = (
			);
			runOnlyForDeploymentPostprocessing = 0;
		};
/* End PBXFrameworksBuildPhase section */

/* Begin PBXGroup section */
		C15D4B722A94DA7900BD5D8D = {
			isa = PBXGroup;
			children = (
				C15D4B7D2A94DA7900BD5D8D /* ios-gallery */,
				C15D4B7C2A94DA7900BD5D8D /* Products */,
			);
			sourceTree = "<group>";
		};
		C15D4B7C2A94DA7900BD5D8D /* Products */ = {
			isa = PBXGroup;
			children = (
				C15D4B7B2A94DA7900BD5D8D /* ios-gallery.app */,
			);
			name = Products;
			sourceTree = "<group>";
		};
		C15D4B7D2A94DA7900BD5D8D /* ios-gallery */ = {
			isa = PBXGroup;
			children = (
				C15D4BAD2A94FBB600BD5D8D /* Start */,
				C1CD32642A9FDB2E002E3C0A /* PageViewController */,
				C15D4B972A94DD0A00BD5D8D /* ImageDetail */,
				C15D4B7E2A94DA7900BD5D8D /* AppDelegate.swift */,
				C15D4B802A94DA7900BD5D8D /* SceneDelegate.swift */,
				C15D4B872A94DA7B00BD5D8D /* Assets.xcassets */,
				C15D4B892A94DA7B00BD5D8D /* LaunchScreen.storyboard */,
				C15D4B8C2A94DA7B00BD5D8D /* Info.plist */,
			);
			path = "ios-gallery";
			sourceTree = "<group>";
		};
		C15D4B972A94DD0A00BD5D8D /* ImageDetail */ = {
			isa = PBXGroup;
			children = (
				C15D4BB22A94FDC000BD5D8D /* UIPanGesture.swift */,
				C15D4B992A94DD0A00BD5D8D /* ImageDetailViewController.xib */,
				C15D4B982A94DD0A00BD5D8D /* ImageDetailViewModel.swift */,
				C15D4B9A2A94DD0A00BD5D8D /* ImageDetailViewController.swift */,
				C15D4B9E2A94DD0A00BD5D8D /* ImageDetailBuilder.swift */,
			);
			path = ImageDetail;
			sourceTree = "<group>";
		};
		C15D4BAD2A94FBB600BD5D8D /* Start */ = {
			isa = PBXGroup;
			children = (
				C15D4BAE2A94FBC900BD5D8D /* StartViewController.xib */,
				C15D4BB02A94FBD500BD5D8D /* StartViewController.swift */,
			);
			path = Start;
			sourceTree = "<group>";
		};
		C1CD32642A9FDB2E002E3C0A /* PageViewController */ = {
			isa = PBXGroup;
			children = (
				C15D4B822A94DA7900BD5D8D /* PageViewController.swift */,
				C1CD32672A9FE125002E3C0A /* PageViewBuilder.swift */,
			);
			path = PageViewController;
			sourceTree = "<group>";
		};
/* End PBXGroup section */

/* Begin PBXNativeTarget section */
		C15D4B7A2A94DA7900BD5D8D /* ios-gallery */ = {
			isa = PBXNativeTarget;
			buildConfigurationList = C15D4B8F2A94DA7B00BD5D8D /* Build configuration list for PBXNativeTarget "ios-gallery" */;
			buildPhases = (
				C15D4B772A94DA7900BD5D8D /* Sources */,
				C15D4B782A94DA7900BD5D8D /* Frameworks */,
				C15D4B792A94DA7900BD5D8D /* Resources */,
			);
			buildRules = (
			);
			dependencies = (
			);
			name = "ios-gallery";
			productName = "ios-gallery";
			productReference = C15D4B7B2A94DA7900BD5D8D /* ios-gallery.app */;
			productType = "com.apple.product-type.application";
		};
/* End PBXNativeTarget section */

/* Begin PBXProject section */
		C15D4B732A94DA7900BD5D8D /* Project object */ = {
			isa = PBXProject;
			attributes = {
				BuildIndependentTargetsInParallel = 1;
				LastSwiftUpdateCheck = 1500;
				LastUpgradeCheck = 1500;
				TargetAttributes = {
					C15D4B7A2A94DA7900BD5D8D = {
						CreatedOnToolsVersion = 15.0;
					};
				};
			};
			buildConfigurationList = C15D4B762A94DA7900BD5D8D /* Build configuration list for PBXProject "ios-gallery" */;
			compatibilityVersion = "Xcode 14.0";
			developmentRegion = en;
			hasScannedForEncodings = 0;
			knownRegions = (
				en,
				Base,
			);
			mainGroup = C15D4B722A94DA7900BD5D8D;
			productRefGroup = C15D4B7C2A94DA7900BD5D8D /* Products */;
			projectDirPath = "";
			projectRoot = "";
			targets = (
				C15D4B7A2A94DA7900BD5D8D /* ios-gallery */,
			);
		};
/* End PBXProject section */

/* Begin PBXResourcesBuildPhase section */
		C15D4B792A94DA7900BD5D8D /* Resources */ = {
			isa = PBXResourcesBuildPhase;
			buildActionMask = 2147483647;
			files = (
				C15D4BA32A94DD0A00BD5D8D /* ImageDetailViewController.xib in Resources */,
				C15D4B8B2A94DA7B00BD5D8D /* LaunchScreen.storyboard in Resources */,
				C15D4BAF2A94FBC900BD5D8D /* StartViewController.xib in Resources */,
				C15D4B882A94DA7B00BD5D8D /* Assets.xcassets in Resources */,
			);
			runOnlyForDeploymentPostprocessing = 0;
		};
/* End PBXResourcesBuildPhase section */

/* Begin PBXSourcesBuildPhase section */
		C15D4B772A94DA7900BD5D8D /* Sources */ = {
			isa = PBXSourcesBuildPhase;
			buildActionMask = 2147483647;
			files = (
				C1CD32682A9FE125002E3C0A /* PageViewBuilder.swift in Sources */,
				C15D4BA72A94DD0A00BD5D8D /* ImageDetailBuilder.swift in Sources */,
				C15D4BB32A94FDC000BD5D8D /* UIPanGesture.swift in Sources */,
				C15D4BA22A94DD0A00BD5D8D /* ImageDetailViewModel.swift in Sources */,
				C15D4BA42A94DD0A00BD5D8D /* ImageDetailViewController.swift in Sources */,
				C15D4B832A94DA7900BD5D8D /* PageViewController.swift in Sources */,
				C15D4B7F2A94DA7900BD5D8D /* AppDelegate.swift in Sources */,
				C15D4BB12A94FBD500BD5D8D /* StartViewController.swift in Sources */,
				C15D4B812A94DA7900BD5D8D /* SceneDelegate.swift in Sources */,
			);
			runOnlyForDeploymentPostprocessing = 0;
		};
/* End PBXSourcesBuildPhase section */

/* Begin PBXVariantGroup section */
		C15D4B892A94DA7B00BD5D8D /* LaunchScreen.storyboard */ = {
			isa = PBXVariantGroup;
			children = (
				C15D4B8A2A94DA7B00BD5D8D /* Base */,
			);
			name = LaunchScreen.storyboard;
			sourceTree = "<group>";
		};
/* End PBXVariantGroup section */

/* Begin XCBuildConfiguration section */
		C15D4B8D2A94DA7B00BD5D8D /* Debug */ = {
			isa = XCBuildConfiguration;
			buildSettings = {
				ALWAYS_SEARCH_USER_PATHS = NO;
				ASSETCATALOG_COMPILER_GENERATE_SWIFT_ASSET_SYMBOL_EXTENSIONS = YES;
				CLANG_ANALYZER_NONNULL = YES;
				CLANG_ANALYZER_NUMBER_OBJECT_CONVERSION = YES_AGGRESSIVE;
				CLANG_CXX_LANGUAGE_STANDARD = "gnu++20";
				CLANG_ENABLE_MODULES = YES;
				CLANG_ENABLE_OBJC_ARC = YES;
				CLANG_ENABLE_OBJC_WEAK = YES;
				CLANG_WARN_BLOCK_CAPTURE_AUTORELEASING = YES;
				CLANG_WARN_BOOL_CONVERSION = YES;
				CLANG_WARN_COMMA = YES;
				CLANG_WARN_CONSTANT_CONVERSION = YES;
				CLANG_WARN_DEPRECATED_OBJC_IMPLEMENTATIONS = YES;
				CLANG_WARN_DIRECT_OBJC_ISA_USAGE = YES_ERROR;
				CLANG_WARN_DOCUMENTATION_COMMENTS = YES;
				CLANG_WARN_EMPTY_BODY = YES;
				CLANG_WARN_ENUM_CONVERSION = YES;
				CLANG_WARN_INFINITE_RECURSION = YES;
				CLANG_WARN_INT_CONVERSION = YES;
				CLANG_WARN_NON_LITERAL_NULL_CONVERSION = YES;
				CLANG_WARN_OBJC_IMPLICIT_RETAIN_SELF = YES;
				CLANG_WARN_OBJC_LITERAL_CONVERSION = YES;
				CLANG_WARN_OBJC_ROOT_CLASS = YES_ERROR;
				CLANG_WARN_QUOTED_INCLUDE_IN_FRAMEWORK_HEADER = YES;
				CLANG_WARN_RANGE_LOOP_ANALYSIS = YES;
				CLANG_WARN_STRICT_PROTOTYPES = YES;
				CLANG_WARN_SUSPICIOUS_MOVE = YES;
				CLANG_WARN_UNGUARDED_AVAILABILITY = YES_AGGRESSIVE;
				CLANG_WARN_UNREACHABLE_CODE = YES;
				CLANG_WARN__DUPLICATE_METHOD_MATCH = YES;
				COPY_PHASE_STRIP = NO;
				DEBUG_INFORMATION_FORMAT = dwarf;
				ENABLE_STRICT_OBJC_MSGSEND = YES;
				ENABLE_TESTABILITY = YES;
				ENABLE_USER_SCRIPT_SANDBOXING = YES;
				GCC_C_LANGUAGE_STANDARD = gnu17;
				GCC_DYNAMIC_NO_PIC = NO;
				GCC_NO_COMMON_BLOCKS = YES;
				GCC_OPTIMIZATION_LEVEL = 0;
				GCC_PREPROCESSOR_DEFINITIONS = (
					"DEBUG=1",
					"$(inherited)",
				);
				GCC_WARN_64_TO_32_BIT_CONVERSION = YES;
				GCC_WARN_ABOUT_RETURN_TYPE = YES_ERROR;
				GCC_WARN_UNDECLARED_SELECTOR = YES;
				GCC_WARN_UNINITIALIZED_AUTOS = YES_AGGRESSIVE;
				GCC_WARN_UNUSED_FUNCTION = YES;
				GCC_WARN_UNUSED_VARIABLE = YES;
				IPHONEOS_DEPLOYMENT_TARGET = 17.0;
				LOCALIZATION_PREFERS_STRING_CATALOGS = YES;
				MTL_ENABLE_DEBUG_INFO = INCLUDE_SOURCE;
				MTL_FAST_MATH = YES;
				ONLY_ACTIVE_ARCH = YES;
				SDKROOT = iphoneos;
				SWIFT_ACTIVE_COMPILATION_CONDITIONS = "DEBUG $(inherited)";
				SWIFT_OPTIMIZATION_LEVEL = "-Onone";
			};
			name = Debug;
		};
		C15D4B8E2A94DA7B00BD5D8D /* Release */ = {
			isa = XCBuildConfiguration;
			buildSettings = {
				ALWAYS_SEARCH_USER_PATHS = NO;
				ASSETCATALOG_COMPILER_GENERATE_SWIFT_ASSET_SYMBOL_EXTENSIONS = YES;
				CLANG_ANALYZER_NONNULL = YES;
				CLANG_ANALYZER_NUMBER_OBJECT_CONVERSION = YES_AGGRESSIVE;
				CLANG_CXX_LANGUAGE_STANDARD = "gnu++20";
				CLANG_ENABLE_MODULES = YES;
				CLANG_ENABLE_OBJC_ARC = YES;
				CLANG_ENABLE_OBJC_WEAK = YES;
				CLANG_WARN_BLOCK_CAPTURE_AUTORELEASING = YES;
				CLANG_WARN_BOOL_CONVERSION = YES;
				CLANG_WARN_COMMA = YES;
				CLANG_WARN_CONSTANT_CONVERSION = YES;
				CLANG_WARN_DEPRECATED_OBJC_IMPLEMENTATIONS = YES;
				CLANG_WARN_DIRECT_OBJC_ISA_USAGE = YES_ERROR;
				CLANG_WARN_DOCUMENTATION_COMMENTS = YES;
				CLANG_WARN_EMPTY_BODY = YES;
				CLANG_WARN_ENUM_CONVERSION = YES;
				CLANG_WARN_INFINITE_RECURSION = YES;
				CLANG_WARN_INT_CONVERSION = YES;
				CLANG_WARN_NON_LITERAL_NULL_CONVERSION = YES;
				CLANG_WARN_OBJC_IMPLICIT_RETAIN_SELF = YES;
				CLANG_WARN_OBJC_LITERAL_CONVERSION = YES;
				CLANG_WARN_OBJC_ROOT_CLASS = YES_ERROR;
				CLANG_WARN_QUOTED_INCLUDE_IN_FRAMEWORK_HEADER = YES;
				CLANG_WARN_RANGE_LOOP_ANALYSIS = YES;
				CLANG_WARN_STRICT_PROTOTYPES = YES;
				CLANG_WARN_SUSPICIOUS_MOVE = YES;
				CLANG_WARN_UNGUARDED_AVAILABILITY = YES_AGGRESSIVE;
				CLANG_WARN_UNREACHABLE_CODE = YES;
				CLANG_WARN__DUPLICATE_METHOD_MATCH = YES;
				COPY_PHASE_STRIP = NO;
				DEBUG_INFORMATION_FORMAT = "dwarf-with-dsym";
				ENABLE_NS_ASSERTIONS = NO;
				ENABLE_STRICT_OBJC_MSGSEND = YES;
				ENABLE_USER_SCRIPT_SANDBOXING = YES;
				GCC_C_LANGUAGE_STANDARD = gnu17;
				GCC_NO_COMMON_BLOCKS = YES;
				GCC_WARN_64_TO_32_BIT_CONVERSION = YES;
				GCC_WARN_ABOUT_RETURN_TYPE = YES_ERROR;
				GCC_WARN_UNDECLARED_SELECTOR = YES;
				GCC_WARN_UNINITIALIZED_AUTOS = YES_AGGRESSIVE;
				GCC_WARN_UNUSED_FUNCTION = YES;
				GCC_WARN_UNUSED_VARIABLE = YES;
				IPHONEOS_DEPLOYMENT_TARGET = 17.0;
				LOCALIZATION_PREFERS_STRING_CATALOGS = YES;
				MTL_ENABLE_DEBUG_INFO = NO;
				MTL_FAST_MATH = YES;
				SDKROOT = iphoneos;
				SWIFT_COMPILATION_MODE = wholemodule;
				VALIDATE_PRODUCT = YES;
			};
			name = Release;
		};
		C15D4B902A94DA7B00BD5D8D /* Debug */ = {
			isa = XCBuildConfiguration;
			buildSettings = {
				ASSETCATALOG_COMPILER_APPICON_NAME = AppIcon;
				ASSETCATALOG_COMPILER_GLOBAL_ACCENT_COLOR_NAME = AccentColor;
				CODE_SIGN_STYLE = Automatic;
				CURRENT_PROJECT_VERSION = 1;
				DEVELOPMENT_TEAM = R88CDNMKLQ;
				GENERATE_INFOPLIST_FILE = YES;
				INFOPLIST_FILE = "ios-gallery/Info.plist";
				INFOPLIST_KEY_UIApplicationSupportsIndirectInputEvents = YES;
				INFOPLIST_KEY_UILaunchStoryboardName = LaunchScreen;
				INFOPLIST_KEY_UISupportedInterfaceOrientations_iPad = "UIInterfaceOrientationPortrait UIInterfaceOrientationPortraitUpsideDown UIInterfaceOrientationLandscapeLeft UIInterfaceOrientationLandscapeRight";
				INFOPLIST_KEY_UISupportedInterfaceOrientations_iPhone = "UIInterfaceOrientationPortrait UIInterfaceOrientationLandscapeLeft UIInterfaceOrientationLandscapeRight";
				IPHONEOS_DEPLOYMENT_TARGET = 16.0;
				LD_RUNPATH_SEARCH_PATHS = (
					"$(inherited)",
					"@executable_path/Frameworks",
				);
				MARKETING_VERSION = 1.0;
				PRODUCT_BUNDLE_IDENTIFIER = "es.rudo.ios-gallery";
				PRODUCT_NAME = "$(TARGET_NAME)";
				SWIFT_EMIT_LOC_STRINGS = YES;
				SWIFT_VERSION = 5.0;
				TARGETED_DEVICE_FAMILY = "1,2";
			};
			name = Debug;
		};
		C15D4B912A94DA7B00BD5D8D /* Release */ = {
			isa = XCBuildConfiguration;
			buildSettings = {
				ASSETCATALOG_COMPILER_APPICON_NAME = AppIcon;
				ASSETCATALOG_COMPILER_GLOBAL_ACCENT_COLOR_NAME = AccentColor;
				CODE_SIGN_STYLE = Automatic;
				CURRENT_PROJECT_VERSION = 1;
				DEVELOPMENT_TEAM = R88CDNMKLQ;
				GENERATE_INFOPLIST_FILE = YES;
				INFOPLIST_FILE = "ios-gallery/Info.plist";
				INFOPLIST_KEY_UIApplicationSupportsIndirectInputEvents = YES;
				INFOPLIST_KEY_UILaunchStoryboardName = LaunchScreen;
				INFOPLIST_KEY_UISupportedInterfaceOrientations_iPad = "UIInterfaceOrientationPortrait UIInterfaceOrientationPortraitUpsideDown UIInterfaceOrientationLandscapeLeft UIInterfaceOrientationLandscapeRight";
				INFOPLIST_KEY_UISupportedInterfaceOrientations_iPhone = "UIInterfaceOrientationPortrait UIInterfaceOrientationLandscapeLeft UIInterfaceOrientationLandscapeRight";
				IPHONEOS_DEPLOYMENT_TARGET = 16.0;
				LD_RUNPATH_SEARCH_PATHS = (
					"$(inherited)",
					"@executable_path/Frameworks",
				);
				MARKETING_VERSION = 1.0;
				PRODUCT_BUNDLE_IDENTIFIER = "es.rudo.ios-gallery";
				PRODUCT_NAME = "$(TARGET_NAME)";
				SWIFT_EMIT_LOC_STRINGS = YES;
				SWIFT_VERSION = 5.0;
				TARGETED_DEVICE_FAMILY = "1,2";
			};
			name = Release;
		};
/* End XCBuildConfiguration section */

/* Begin XCConfigurationList section */
		C15D4B762A94DA7900BD5D8D /* Build configuration list for PBXProject "ios-gallery" */ = {
			isa = XCConfigurationList;
			buildConfigurations = (
				C15D4B8D2A94DA7B00BD5D8D /* Debug */,
				C15D4B8E2A94DA7B00BD5D8D /* Release */,
			);
			defaultConfigurationIsVisible = 0;
			defaultConfigurationName = Release;
		};
		C15D4B8F2A94DA7B00BD5D8D /* Build configuration list for PBXNativeTarget "ios-gallery" */ = {
			isa = XCConfigurationList;
			buildConfigurations = (
				C15D4B902A94DA7B00BD5D8D /* Debug */,
				C15D4B912A94DA7B00BD5D8D /* Release */,
			);
			defaultConfigurationIsVisible = 0;
			defaultConfigurationName = Release;
		};
/* End XCConfigurationList section */
	};
	rootObject = C15D4B732A94DA7900BD5D8D /* Project object */;
}
